# THIS IS AN AUTOGENERATED FILE. DO NOT EDIT THIS FILE DIRECTLY.
# yarn lockfile v1


"@types/hammerjs@^2.0.32":
  version "2.0.35"
  resolved "https://registry.yarnpkg.com/@types/hammerjs/-/hammerjs-2.0.35.tgz#7b7c950c7d54593e23bffc8d2b4feba9866a7277"

"@types/numeral@0.0.16":
  version "0.0.16"
  resolved "https://registry.yarnpkg.com/@types/numeral/-/numeral-0.0.16.tgz#a1c225b1266f64e4a3cdbe515a266f01b6e89df1"

coreds-ui@^1.0.1:
  version "1.0.1"
  resolved "https://registry.yarnpkg.com/coreds-ui/-/coreds-ui-1.0.1.tgz#2a5dc88e7940953159b926c9c8885b573bf4f848"
  dependencies:
    "@types/hammerjs" "^2.0.32"
    coreds "^1.0.0"
    hammerjs "^2.0.8"

coreds@^1.0.0:
  version "1.0.0"
  resolved "https://registry.yarnpkg.com/coreds/-/coreds-1.0.0.tgz#d96f934ec894fbf887500183088c97cc270d9249"
  dependencies:
    "@types/numeral" "0.0.16"
    numeral "^1.5.6"

hammerjs@^2.0.8:
  version "2.0.8"
  resolved "https://registry.yarnpkg.com/hammerjs/-/hammerjs-2.0.8.tgz#04ef77862cff2bb79d30f7692095930222bf60f1"

numeral@^1.5.6:
  version "1.5.6"
  resolved "https://registry.yarnpkg.com/numeral/-/numeral-1.5.6.tgz#3831db968451b9cf6aff9bf95925f1ef8e37b33f"

s-js@^0.4.7:
  version "0.4.7"
  resolved "https://registry.yarnpkg.com/s-js/-/s-js-0.4.7.tgz#985d961e8a9a340c30b9fb66712222b09cb3074b"

spectre.css@^0.5.0:
  version "0.5.0"
  resolved "https://registry.yarnpkg.com/spectre.css/-/spectre.css-0.5.0.tgz#68fe0c5efd89eb468d49a79d8a94e634fa39d84e"

surplus@^0.5.0-beta9:
  version "0.5.0-beta9"
  resolved "https://registry.yarnpkg.com/surplus/-/surplus-0.5.0-beta9.tgz#c3d759a9358563f7501ecc3d975090ff7658cc0b"

typescript@2.4.2:
  version "2.4.2"
  resolved "https://registry.yarnpkg.com/typescript/-/typescript-2.4.2.tgz#f8395f85d459276067c988aa41837a8f82870844"
